// !$*UTF8*$!
{
	archiveVersion = 1;
	classes = {
	};
	objectVersion = 55;
	objects = {

/* Begin PBXBuildFile section */
		FA1EBC6F285370460067F8A4 /* PhotoCells.swift in Sources */ = {isa = PBXBuildFile; fileRef = FA1EBC6E285370460067F8A4 /* PhotoCells.swift */; };
		FA1EBC71285370530067F8A4 /* TableCells.swift in Sources */ = {isa = PBXBuildFile; fileRef = FA1EBC70285370530067F8A4 /* TableCells.swift */; };
		FA1EBC7428537ED10067F8A4 /* Model.swift in Sources */ = {isa = PBXBuildFile; fileRef = FA1EBC7328537ED10067F8A4 /* Model.swift */; };
		FA22CDA828561ADA00F44A04 /* LayuotCollectionVie.swift in Sources */ = {isa = PBXBuildFile; fileRef = FA22CDA728561ADA00F44A04 /* LayuotCollectionVie.swift */; };
		FA22CDAB28573C6100F44A04 /* Hender.swift in Sources */ = {isa = PBXBuildFile; fileRef = FA22CDAA28573C6100F44A04 /* Hender.swift */; };
		FA22CDB42857728F00F44A04 /* Data.swift in Sources */ = {isa = PBXBuildFile; fileRef = FA22CDB32857728F00F44A04 /* Data.swift */; };
		FA8518A328535FDF002EA093 /* AppDelegate.swift in Sources */ = {isa = PBXBuildFile; fileRef = FA8518A228535FDF002EA093 /* AppDelegate.swift */; };
		FA8518AA28535FDF002EA093 /* Main.storyboard in Resources */ = {isa = PBXBuildFile; fileRef = FA8518A828535FDF002EA093 /* Main.storyboard */; };
		FA8518AC28535FE1002EA093 /* Assets.xcassets in Resources */ = {isa = PBXBuildFile; fileRef = FA8518AB28535FE1002EA093 /* Assets.xcassets */; };
		FA8518AF28535FE1002EA093 /* LaunchScreen.storyboard in Resources */ = {isa = PBXBuildFile; fileRef = FA8518AD28535FE1002EA093 /* LaunchScreen.storyboard */; };
		FA8518B8285364D2002EA093 /* MediatekaViewController.swift in Sources */ = {isa = PBXBuildFile; fileRef = FA8518B7285364D2002EA093 /* MediatekaViewController.swift */; };
		FA8518BA285364E5002EA093 /* ForYouViewController.swift in Sources */ = {isa = PBXBuildFile; fileRef = FA8518B9285364E5002EA093 /* ForYouViewController.swift */; };
		FA8518BC285364F9002EA093 /* AlbomsViewController.swift in Sources */ = {isa = PBXBuildFile; fileRef = FA8518BB285364F9002EA093 /* AlbomsViewController.swift */; };
		FA8518BE28536505002EA093 /* SearchViewController.swift in Sources */ = {isa = PBXBuildFile; fileRef = FA8518BD28536505002EA093 /* SearchViewController.swift */; };
/* End PBXBuildFile section */

/* Begin PBXFileReference section */
		FA1EBC6E285370460067F8A4 /* PhotoCells.swift */ = {isa = PBXFileReference; lastKnownFileType = sourcecode.swift; path = PhotoCells.swift; sourceTree = "<group>"; };
		FA1EBC70285370530067F8A4 /* TableCells.swift */ = {isa = PBXFileReference; lastKnownFileType = sourcecode.swift; path = TableCells.swift; sourceTree = "<group>"; };
		FA1EBC7328537ED10067F8A4 /* Model.swift */ = {isa = PBXFileReference; lastKnownFileType = sourcecode.swift; path = Model.swift; sourceTree = "<group>"; };
		FA22CDA728561ADA00F44A04 /* LayuotCollectionVie.swift */ = {isa = PBXFileReference; lastKnownFileType = sourcecode.swift; path = LayuotCollectionVie.swift; sourceTree = "<group>"; };
		FA22CDAA28573C6100F44A04 /* Hender.swift */ = {isa = PBXFileReference; lastKnownFileType = sourcecode.swift; path = Hender.swift; sourceTree = "<group>"; };
		FA22CDB32857728F00F44A04 /* Data.swift */ = {isa = PBXFileReference; lastKnownFileType = sourcecode.swift; path = Data.swift; sourceTree = "<group>"; };
		FA85189F28535FDF002EA093 /* ScreenAlbomsHW.app */ = {isa = PBXFileReference; explicitFileType = wrapper.application; includeInIndex = 0; path = ScreenAlbomsHW.app; sourceTree = BUILT_PRODUCTS_DIR; };
		FA8518A228535FDF002EA093 /* AppDelegate.swift */ = {isa = PBXFileReference; lastKnownFileType = sourcecode.swift; path = AppDelegate.swift; sourceTree = "<group>"; };
		FA8518A928535FDF002EA093 /* Base */ = {isa = PBXFileReference; lastKnownFileType = file.storyboard; name = Base; path = Base.lproj/Main.storyboard; sourceTree = "<group>"; };
		FA8518AB28535FE1002EA093 /* Assets.xcassets */ = {isa = PBXFileReference; lastKnownFileType = folder.assetcatalog; path = Assets.xcassets; sourceTree = "<group>"; };
		FA8518AE28535FE1002EA093 /* Base */ = {isa = PBXFileReference; lastKnownFileType = file.storyboard; name = Base; path = Base.lproj/LaunchScreen.storyboard; sourceTree = "<group>"; };
		FA8518B028535FE1002EA093 /* Info.plist */ = {isa = PBXFileReference; lastKnownFileType = text.plist.xml; path = Info.plist; sourceTree = "<group>"; };
		FA8518B7285364D2002EA093 /* MediatekaViewController.swift */ = {isa = PBXFileReference; lastKnownFileType = sourcecode.swift; path = MediatekaViewController.swift; sourceTree = "<group>"; };
		FA8518B9285364E5002EA093 /* ForYouViewController.swift */ = {isa = PBXFileReference; lastKnownFileType = sourcecode.swift; path = ForYouViewController.swift; sourceTree = "<group>"; };
		FA8518BB285364F9002EA093 /* AlbomsViewController.swift */ = {isa = PBXFileReference; lastKnownFileType = sourcecode.swift; path = AlbomsViewController.swift; sourceTree = "<group>"; };
		FA8518BD28536505002EA093 /* SearchViewController.swift */ = {isa = PBXFileReference; lastKnownFileType = sourcecode.swift; path = SearchViewController.swift; sourceTree = "<group>"; };
/* End PBXFileReference section */

/* Begin PBXFrameworksBuildPhase section */
		FA85189C28535FDF002EA093 /* Frameworks */ = {
			isa = PBXFrameworksBuildPhase;
			buildActionMask = 2147483647;
			files = (
			);
			runOnlyForDeploymentPostprocessing = 0;
		};
/* End PBXFrameworksBuildPhase section */

/* Begin PBXGroup section */
		FA1EBC6C28536E680067F8A4 /* Cells */ = {
			isa = PBXGroup;
			children = (
				FA1EBC6E285370460067F8A4 /* PhotoCells.swift */,
				FA1EBC70285370530067F8A4 /* TableCells.swift */,
				FA22CDAA28573C6100F44A04 /* Hender.swift */,
			);
			path = Cells;
			sourceTree = "<group>";
		};
		FA1EBC7228537EB30067F8A4 /* Model */ = {
			isa = PBXGroup;
			children = (
				FA1EBC7328537ED10067F8A4 /* Model.swift */,
				FA22CDB32857728F00F44A04 /* Data.swift */,
				FA22CDA628561A9F00F44A04 /* Extension */,
			);
			path = Model;
			sourceTree = "<group>";
		};
		FA22CDA628561A9F00F44A04 /* Extension */ = {
			isa = PBXGroup;
			children = (
				FA22CDA728561ADA00F44A04 /* LayuotCollectionVie.swift */,
			);
			path = Extension;
			sourceTree = "<group>";
		};
		FA22CDAC285747C100F44A04 /* Resources */ = {
			isa = PBXGroup;
			children = (
				FA8518AD28535FE1002EA093 /* LaunchScreen.storyboard */,
				FA8518AB28535FE1002EA093 /* Assets.xcassets */,
				FA8518A828535FDF002EA093 /* Main.storyboard */,
				FA8518B028535FE1002EA093 /* Info.plist */,
			);
			path = Resources;
			sourceTree = "<group>";
		};
		FA22CDAD285747E600F44A04 /* Sources */ = {
			isa = PBXGroup;
			children = (
				FA22CDAF285748C200F44A04 /* App */,
			);
			path = Sources;
			sourceTree = "<group>";
		};
		FA22CDAF285748C200F44A04 /* App */ = {
			isa = PBXGroup;
			children = (
				FA8518A228535FDF002EA093 /* AppDelegate.swift */,
			);
			path = App;
			sourceTree = "<group>";
		};
		FA22CDB0285748CE00F44A04 /* Scenes */ = {
			isa = PBXGroup;
			children = (
				FA1EBC7228537EB30067F8A4 /* Model */,
				FA22CDB12857499300F44A04 /* View */,
				FA8518B628536487002EA093 /* Controllers */,
			);
			path = Scenes;
			sourceTree = "<group>";
		};
		FA22CDB12857499300F44A04 /* View */ = {
			isa = PBXGroup;
			children = (
				FA1EBC6C28536E680067F8A4 /* Cells */,
			);
			path = View;
			sourceTree = "<group>";
		};
		FA85189628535FDF002EA093 = {
			isa = PBXGroup;
			children = (
				FA8518A128535FDF002EA093 /* ScreenAlbomsHW */,
				FA8518A028535FDF002EA093 /* Products */,
			);
			sourceTree = "<group>";
		};
		FA8518A028535FDF002EA093 /* Products */ = {
			isa = PBXGroup;
			children = (
				FA85189F28535FDF002EA093 /* ScreenAlbomsHW.app */,
			);
			name = Products;
			sourceTree = "<group>";
		};
		FA8518A128535FDF002EA093 /* ScreenAlbomsHW */ = {
			isa = PBXGroup;
			children = (
				FA22CDB0285748CE00F44A04 /* Scenes */,
				FA22CDAD285747E600F44A04 /* Sources */,
				FA22CDAC285747C100F44A04 /* Resources */,
			);
			path = ScreenAlbomsHW;
			sourceTree = "<group>";
		};
		FA8518B628536487002EA093 /* Controllers */ = {
			isa = PBXGroup;
			children = (
				FA8518B7285364D2002EA093 /* MediatekaViewController.swift */,
				FA8518B9285364E5002EA093 /* ForYouViewController.swift */,
				FA8518BB285364F9002EA093 /* AlbomsViewController.swift */,
				FA8518BD28536505002EA093 /* SearchViewController.swift */,
			);
			path = Controllers;
			sourceTree = "<group>";
		};
/* End PBXGroup section */

/* Begin PBXNativeTarget section */
		FA85189E28535FDF002EA093 /* ScreenAlbomsHW */ = {
			isa = PBXNativeTarget;
			buildConfigurationList = FA8518B328535FE1002EA093 /* Build configuration list for PBXNativeTarget "ScreenAlbomsHW" */;
			buildPhases = (
				FA85189B28535FDF002EA093 /* Sources */,
				FA85189C28535FDF002EA093 /* Frameworks */,
				FA85189D28535FDF002EA093 /* Resources */,
			);
			buildRules = (
			);
			dependencies = (
			);
			name = ScreenAlbomsHW;
			productName = ScreenAlbomsHW;
			productReference = FA85189F28535FDF002EA093 /* ScreenAlbomsHW.app */;
			productType = "com.apple.product-type.application";
		};
/* End PBXNativeTarget section */

/* Begin PBXProject section */
		FA85189728535FDF002EA093 /* Project object */ = {
			isa = PBXProject;
			attributes = {
				BuildIndependentTargetsInParallel = 1;
				LastSwiftUpdateCheck = 1340;
				LastUpgradeCheck = 1340;
				TargetAttributes = {
					FA85189E28535FDF002EA093 = {
						CreatedOnToolsVersion = 13.4.1;
					};
				};
			};
			buildConfigurationList = FA85189A28535FDF002EA093 /* Build configuration list for PBXProject "ScreenAlbomsHW" */;
			compatibilityVersion = "Xcode 13.0";
			developmentRegion = en;
			hasScannedForEncodings = 0;
			knownRegions = (
				en,
				Base,
			);
			mainGroup = FA85189628535FDF002EA093;
			productRefGroup = FA8518A028535FDF002EA093 /* Products */;
			projectDirPath = "";
			projectRoot = "";
			targets = (
				FA85189E28535FDF002EA093 /* ScreenAlbomsHW */,
			);
		};
/* End PBXProject section */

/* Begin PBXResourcesBuildPhase section */
		FA85189D28535FDF002EA093 /* Resources */ = {
			isa = PBXResourcesBuildPhase;
			buildActionMask = 2147483647;
			files = (
				FA8518AF28535FE1002EA093 /* LaunchScreen.storyboard in Resources */,
				FA8518AC28535FE1002EA093 /* Assets.xcassets in Resources */,
				FA8518AA28535FDF002EA093 /* Main.storyboard in Resources */,
			);
			runOnlyForDeploymentPostprocessing = 0;
		};
/* End PBXResourcesBuildPhase section */

/* Begin PBXSourcesBuildPhase section */
		FA85189B28535FDF002EA093 /* Sources */ = {
			isa = PBXSourcesBuildPhase;
			buildActionMask = 2147483647;
			files = (
				FA8518BC285364F9002EA093 /* AlbomsViewController.swift in Sources */,
				FA8518BE28536505002EA093 /* SearchViewController.swift in Sources */,
				FA8518B8285364D2002EA093 /* MediatekaViewController.swift in Sources */,
				FA8518A328535FDF002EA093 /* AppDelegate.swift in Sources */,
				FA22CDB42857728F00F44A04 /* Data.swift in Sources */,
				FA1EBC6F285370460067F8A4 /* PhotoCells.swift in Sources */,
				FA22CDA828561ADA00F44A04 /* LayuotCollectionVie.swift in Sources */,
				FA1EBC71285370530067F8A4 /* TableCells.swift in Sources */,
				FA8518BA285364E5002EA093 /* ForYouViewController.swift in Sources */,
				FA1EBC7428537ED10067F8A4 /* Model.swift in Sources */,
				FA22CDAB28573C6100F44A04 /* Hender.swift in Sources */,
			);
			runOnlyForDeploymentPostprocessing = 0;
		};
/* End PBXSourcesBuildPhase section */

/* Begin PBXVariantGroup section */
		FA8518A828535FDF002EA093 /* Main.storyboard */ = {
			isa = PBXVariantGroup;
			children = (
				FA8518A928535FDF002EA093 /* Base */,
			);
			name = Main.storyboard;
			sourceTree = "<group>";
		};
		FA8518AD28535FE1002EA093 /* LaunchScreen.storyboard */ = {
			isa = PBXVariantGroup;
			children = (
				FA8518AE28535FE1002EA093 /* Base */,
			);
			name = LaunchScreen.storyboard;
			sourceTree = "<group>";
		};
/* End PBXVariantGroup section */

/* Begin XCBuildConfiguration section */
		FA8518B128535FE1002EA093 /* Debug */ = {
			isa = XCBuildConfiguration;
			buildSettings = {
				ALWAYS_SEARCH_USER_PATHS = NO;
				CLANG_ANALYZER_NONNULL = YES;
				CLANG_ANALYZER_NUMBER_OBJECT_CONVERSION = YES_AGGRESSIVE;
				CLANG_CXX_LANGUAGE_STANDARD = "gnu++17";
				CLANG_ENABLE_MODULES = YES;
				CLANG_ENABLE_OBJC_ARC = YES;
				CLANG_ENABLE_OBJC_WEAK = YES;
				CLANG_WARN_BLOCK_CAPTURE_AUTORELEASING = YES;
				CLANG_WARN_BOOL_CONVERSION = YES;
				CLANG_WARN_COMMA = YES;
				CLANG_WARN_CONSTANT_CONVERSION = YES;
				CLANG_WARN_DEPRECATED_OBJC_IMPLEMENTATIONS = YES;
				CLANG_WARN_DIRECT_OBJC_ISA_USAGE = YES_ERROR;
				CLANG_WARN_DOCUMENTATION_COMMENTS = YES;
				CLANG_WARN_EMPTY_BODY = YES;
				CLANG_WARN_ENUM_CONVERSION = YES;
				CLANG_WARN_INFINITE_RECURSION = YES;
				CLANG_WARN_INT_CONVERSION = YES;
				CLANG_WARN_NON_LITERAL_NULL_CONVERSION = YES;
				CLANG_WARN_OBJC_IMPLICIT_RETAIN_SELF = YES;
				CLANG_WARN_OBJC_LITERAL_CONVERSION = YES;
				CLANG_WARN_OBJC_ROOT_CLASS = YES_ERROR;
				CLANG_WARN_QUOTED_INCLUDE_IN_FRAMEWORK_HEADER = YES;
				CLANG_WARN_RANGE_LOOP_ANALYSIS = YES;
				CLANG_WARN_STRICT_PROTOTYPES = YES;
				CLANG_WARN_SUSPICIOUS_MOVE = YES;
				CLANG_WARN_UNGUARDED_AVAILABILITY = YES_AGGRESSIVE;
				CLANG_WARN_UNREACHABLE_CODE = YES;
				CLANG_WARN__DUPLICATE_METHOD_MATCH = YES;
				COPY_PHASE_STRIP = NO;
				DEBUG_INFORMATION_FORMAT = dwarf;
				ENABLE_STRICT_OBJC_MSGSEND = YES;
				ENABLE_TESTABILITY = YES;
				GCC_C_LANGUAGE_STANDARD = gnu11;
				GCC_DYNAMIC_NO_PIC = NO;
				GCC_NO_COMMON_BLOCKS = YES;
				GCC_OPTIMIZATION_LEVEL = 0;
				GCC_PREPROCESSOR_DEFINITIONS = (
					"DEBUG=1",
					"$(inherited)",
				);
				GCC_WARN_64_TO_32_BIT_CONVERSION = YES;
				GCC_WARN_ABOUT_RETURN_TYPE = YES_ERROR;
				GCC_WARN_UNDECLARED_SELECTOR = YES;
				GCC_WARN_UNINITIALIZED_AUTOS = YES_AGGRESSIVE;
				GCC_WARN_UNUSED_FUNCTION = YES;
				GCC_WARN_UNUSED_VARIABLE = YES;
				IPHONEOS_DEPLOYMENT_TARGET = 15.5;
				MTL_ENABLE_DEBUG_INFO = INCLUDE_SOURCE;
				MTL_FAST_MATH = YES;
				ONLY_ACTIVE_ARCH = YES;
				SDKROOT = iphoneos;
				SWIFT_ACTIVE_COMPILATION_CONDITIONS = DEBUG;
				SWIFT_OPTIMIZATION_LEVEL = "-Onone";
			};
			name = Debug;
		};
		FA8518B228535FE1002EA093 /* Release */ = {
			isa = XCBuildConfiguration;
			buildSettings = {
				ALWAYS_SEARCH_USER_PATHS = NO;
				CLANG_ANALYZER_NONNULL = YES;
				CLANG_ANALYZER_NUMBER_OBJECT_CONVERSION = YES_AGGRESSIVE;
				CLANG_CXX_LANGUAGE_STANDARD = "gnu++17";
				CLANG_ENABLE_MODULES = YES;
				CLANG_ENABLE_OBJC_ARC = YES;
				CLANG_ENABLE_OBJC_WEAK = YES;
				CLANG_WARN_BLOCK_CAPTURE_AUTORELEASING = YES;
				CLANG_WARN_BOOL_CONVERSION = YES;
				CLANG_WARN_COMMA = YES;
				CLANG_WARN_CONSTANT_CONVERSION = YES;
				CLANG_WARN_DEPRECATED_OBJC_IMPLEMENTATIONS = YES;
				CLANG_WARN_DIRECT_OBJC_ISA_USAGE = YES_ERROR;
				CLANG_WARN_DOCUMENTATION_COMMENTS = YES;
				CLANG_WARN_EMPTY_BODY = YES;
				CLANG_WARN_ENUM_CONVERSION = YES;
				CLANG_WARN_INFINITE_RECURSION = YES;
				CLANG_WARN_INT_CONVERSION = YES;
				CLANG_WARN_NON_LITERAL_NULL_CONVERSION = YES;
				CLANG_WARN_OBJC_IMPLICIT_RETAIN_SELF = YES;
				CLANG_WARN_OBJC_LITERAL_CONVERSION = YES;
				CLANG_WARN_OBJC_ROOT_CLASS = YES_ERROR;
				CLANG_WARN_QUOTED_INCLUDE_IN_FRAMEWORK_HEADER = YES;
				CLANG_WARN_RANGE_LOOP_ANALYSIS = YES;
				CLANG_WARN_STRICT_PROTOTYPES = YES;
				CLANG_WARN_SUSPICIOUS_MOVE = YES;
				CLANG_WARN_UNGUARDED_AVAILABILITY = YES_AGGRESSIVE;
				CLANG_WARN_UNREACHABLE_CODE = YES;
				CLANG_WARN__DUPLICATE_METHOD_MATCH = YES;
				COPY_PHASE_STRIP = NO;
				DEBUG_INFORMATION_FORMAT = "dwarf-with-dsym";
				ENABLE_NS_ASSERTIONS = NO;
				ENABLE_STRICT_OBJC_MSGSEND = YES;
				GCC_C_LANGUAGE_STANDARD = gnu11;
				GCC_NO_COMMON_BLOCKS = YES;
				GCC_WARN_64_TO_32_BIT_CONVERSION = YES;
				GCC_WARN_ABOUT_RETURN_TYPE = YES_ERROR;
				GCC_WARN_UNDECLARED_SELECTOR = YES;
				GCC_WARN_UNINITIALIZED_AUTOS = YES_AGGRESSIVE;
				GCC_WARN_UNUSED_FUNCTION = YES;
				GCC_WARN_UNUSED_VARIABLE = YES;
				IPHONEOS_DEPLOYMENT_TARGET = 15.5;
				MTL_ENABLE_DEBUG_INFO = NO;
				MTL_FAST_MATH = YES;
				SDKROOT = iphoneos;
				SWIFT_COMPILATION_MODE = wholemodule;
				SWIFT_OPTIMIZATION_LEVEL = "-O";
				VALIDATE_PRODUCT = YES;
			};
			name = Release;
		};
		FA8518B428535FE1002EA093 /* Debug */ = {
			isa = XCBuildConfiguration;
			buildSettings = {
				ASSETCATALOG_COMPILER_APPICON_NAME = AppIcon;
				ASSETCATALOG_COMPILER_GLOBAL_ACCENT_COLOR_NAME = AccentColor;
				CODE_SIGN_STYLE = Automatic;
				CURRENT_PROJECT_VERSION = 1;
				DEVELOPMENT_TEAM = U3T8H6J3Z8;
				GENERATE_INFOPLIST_FILE = YES;
				INFOPLIST_FILE = ScreenAlbomsHW/Resources/Info.plist;
				INFOPLIST_KEY_UIApplicationSupportsIndirectInputEvents = YES;
				INFOPLIST_KEY_UILaunchStoryboardName = LaunchScreen;
				INFOPLIST_KEY_UIMainStoryboardFile = Main;
				INFOPLIST_KEY_UISupportedInterfaceOrientations_iPad = "UIInterfaceOrientationPortrait UIInterfaceOrientationPortraitUpsideDown UIInterfaceOrientationLandscapeLeft UIInterfaceOrientationLandscapeRight";
				INFOPLIST_KEY_UISupportedInterfaceOrientations_iPhone = "UIInterfaceOrientationPortrait UIInterfaceOrientationLandscapeLeft UIInterfaceOrientationLandscapeRight";
				LD_RUNPATH_SEARCH_PATHS = (
					"$(inherited)",
					"@executable_path/Frameworks",
				);
				MARKETING_VERSION = 1.0;
				PRODUCT_BUNDLE_IDENTIFIER = "danil112011-mail.ru.ScreenAlbomsHW";
				PRODUCT_NAME = "$(TARGET_NAME)";
				SWIFT_EMIT_LOC_STRINGS = YES;
				SWIFT_VERSION = 5.0;
				TARGETED_DEVICE_FAMILY = "1,2";
			};
			name = Debug;
		};
		FA8518B528535FE1002EA093 /* Release */ = {
			isa = XCBuildConfiguration;
			buildSettings = {
				ASSETCATALOG_COMPILER_APPICON_NAME = AppIcon;
				ASSETCATALOG_COMPILER_GLOBAL_ACCENT_COLOR_NAME = AccentColor;
				CODE_SIGN_STYLE = Automatic;
				CURRENT_PROJECT_VERSION = 1;
				DEVELOPMENT_TEAM = U3T8H6J3Z8;
				GENERATE_INFOPLIST_FILE = YES;
				INFOPLIST_FILE = ScreenAlbomsHW/Resources/Info.plist;
				INFOPLIST_KEY_UIApplicationSupportsIndirectInputEvents = YES;
				INFOPLIST_KEY_UILaunchStoryboardName = LaunchScreen;
				INFOPLIST_KEY_UIMainStoryboardFile = Main;
				INFOPLIST_KEY_UISupportedInterfaceOrientations_iPad = "UIInterfaceOrientationPortrait UIInterfaceOrientationPortraitUpsideDown UIInterfaceOrientationLandscapeLeft UIInterfaceOrientationLandscapeRight";
				INFOPLIST_KEY_UISupportedInterfaceOrientations_iPhone = "UIInterfaceOrientationPortrait UIInterfaceOrientationLandscapeLeft UIInterfaceOrientationLandscapeRight";
				LD_RUNPATH_SEARCH_PATHS = (
					"$(inherited)",
					"@executable_path/Frameworks",
				);
				MARKETING_VERSION = 1.0;
				PRODUCT_BUNDLE_IDENTIFIER = "danil112011-mail.ru.ScreenAlbomsHW";
				PRODUCT_NAME = "$(TARGET_NAME)";
				SWIFT_EMIT_LOC_STRINGS = YES;
				SWIFT_VERSION = 5.0;
				TARGETED_DEVICE_FAMILY = "1,2";
			};
			name = Release;
		};
/* End XCBuildConfiguration section */

/* Begin XCConfigurationList section */
		FA85189A28535FDF002EA093 /* Build configuration list for PBXProject "ScreenAlbomsHW" */ = {
			isa = XCConfigurationList;
			buildConfigurations = (
				FA8518B128535FE1002EA093 /* Debug */,
				FA8518B228535FE1002EA093 /* Release */,
			);
			defaultConfigurationIsVisible = 0;
			defaultConfigurationName = Release;
		};
		FA8518B328535FE1002EA093 /* Build configuration list for PBXNativeTarget "ScreenAlbomsHW" */ = {
			isa = XCConfigurationList;
			buildConfigurations = (
				FA8518B428535FE1002EA093 /* Debug */,
				FA8518B528535FE1002EA093 /* Release */,
			);
			defaultConfigurationIsVisible = 0;
			defaultConfigurationName = Release;
		};
/* End XCConfigurationList section */
	};
	rootObject = FA85189728535FDF002EA093 /* Project object */;
}
